# generated by rye
# use `rye lock` or `rye sync` to update this lockfile
#
# last locked with the following flags:
#   pre: false
#   features: []
#   all-features: false
#   with-sources: false
#   generate-hashes: false
#   universal: false

-e file:.
antlr4-python3-runtime==4.13.2
    # via buildingthermalpanorama
astroid==3.2.4
    # via pylint
attrs==24.2.0
    # via cyclopts
cffi==1.17.1
    # via webp
click==8.1.7
    # via buildingthermalpanorama
colorama==0.4.6
    # via click
    # via loguru
    # via pylint
    # via pytest
coloredlogs==15.0.1
    # via onnxruntime
contourpy==1.3.0
    # via matplotlib
cx-freeze==7.2.1
    # via buildingthermalpanorama
cx-logging==3.2.0
    # via cx-freeze
cycler==0.12.1
    # via matplotlib
cyclopts==2.9.9
    # via buildingthermalpanorama
dill==0.3.8
    # via pylint
docstring-parser==0.16
    # via cyclopts
docutils==0.21.2
    # via rich-rst
et-xmlfile==1.1.0
    # via openpyxl
flatbuffers==24.3.25
    # via onnxruntime
fonttools==4.53.1
    # via matplotlib
humanfriendly==10.0
    # via coloredlogs
imageio==2.35.1
    # via scikit-image
iniconfig==2.0.0
    # via pytest
isort==5.13.2
    # via pylint
joblib==1.4.2
    # via scikit-learn
kiwisolver==1.4.7
    # via matplotlib
lazy-loader==0.4
    # via scikit-image
lief==0.15.1
    # via cx-freeze
loguru==0.7.2
    # via buildingthermalpanorama
markdown-it-py==3.0.0
    # via rich
matplotlib==3.7.5
    # via buildingthermalpanorama
    # via seaborn
mccabe==0.7.0
    # via pylint
mdurl==0.1.2
    # via markdown-it-py
more-itertools==10.5.0
    # via buildingthermalpanorama
mpmath==1.3.0
    # via sympy
msgspec==0.18.6
    # via buildingthermalpanorama
mypy==1.11.2
mypy-extensions==1.0.0
    # via mypy
networkx==3.3
    # via scikit-image
numpy==1.26.4
    # via contourpy
    # via imageio
    # via matplotlib
    # via onnxruntime
    # via opencv-python
    # via pandas
    # via scikit-image
    # via scikit-learn
    # via scipy
    # via seaborn
    # via tifffile
    # via webp
omegaconf==2.0.6
    # via buildingthermalpanorama
onnxruntime==1.19.2
    # via buildingthermalpanorama
opencv-python==4.10.0.84
    # via buildingthermalpanorama
openpyxl==3.1.5
    # via buildingthermalpanorama
packaging==24.1
    # via cx-freeze
    # via lazy-loader
    # via matplotlib
    # via onnxruntime
    # via pytest
    # via pytest-sugar
    # via scikit-image
pandas==2.2.2
    # via buildingthermalpanorama
    # via seaborn
pillow==10.4.0
    # via imageio
    # via matplotlib
    # via scikit-image
    # via webp
platformdirs==4.3.6
    # via pylint
pluggy==1.5.0
    # via pytest
protobuf==5.28.2
    # via onnxruntime
pycparser==2.22
    # via cffi
pygments==2.18.0
    # via rich
pylint==3.2.7
pyparsing==3.1.4
    # via matplotlib
pyqt5==5.15.11
    # via buildingthermalpanorama
    # via pyqtwebengine
pyqt5-qt5==5.15.2
    # via pyqt5
pyqt5-sip==12.15.0
    # via pyqt5
    # via pyqtwebengine
pyqtwebengine==5.15.7
    # via buildingthermalpanorama
pyqtwebengine-qt5==5.15.2
    # via pyqtwebengine
pyreadline3==3.5.4
    # via humanfriendly
pytest==8.3.3
    # via pytest-sugar
pytest-sugar==1.0.0
python-dateutil==2.9.0.post0
    # via matplotlib
    # via pandas
pytz==2024.2
    # via pandas
pywin32==306
    # via buildingthermalpanorama
pyyaml==6.0.2
    # via omegaconf
rich==13.8.1
    # via buildingthermalpanorama
    # via cyclopts
    # via rich-rst
rich-rst==1.3.1
    # via cyclopts
ruff==0.6.5
scikit-image==0.24.0
    # via buildingthermalpanorama
scikit-learn==1.5.2
    # via buildingthermalpanorama
scipy==1.14.1
    # via scikit-image
    # via scikit-learn
seaborn==0.13.2
    # via buildingthermalpanorama
setuptools==74.1.3
    # via cx-freeze
simpleitk==2.4.0
    # via buildingthermalpanorama
six==1.16.0
    # via python-dateutil
sympy==1.13.3
    # via onnxruntime
termcolor==2.4.0
    # via pytest-sugar
threadpoolctl==3.5.0
    # via scikit-learn
tifffile==2024.8.30
    # via scikit-image
tomlkit==0.13.2
    # via pylint
typing-extensions==4.12.2
    # via cyclopts
    # via mypy
    # via omegaconf
tzdata==2024.1
    # via pandas
webp==0.4.0
    # via buildingthermalpanorama
win32-setctime==1.1.0
    # via loguru
